<?xml version="1.0" encoding="utf-8"?>
<Project ToolsVersion="4.0" xmlns="http://schemas.microsoft.com/developer/msbuild/2003">
  <ItemGroup>
    <Filter Include="src">
      <UniqueIdentifier>{bdbf40f8-91bb-42b5-9d08-52c72aac7185}</UniqueIdentifier>
    </Filter>
    <Filter Include="include">
      <UniqueIdentifier>{63859569-0e60-4d52-9952-979f93586d13}</UniqueIdentifier>
    </Filter>
    <Filter Include="Data">
      <UniqueIdentifier>{fd60ed8d-209e-4167-86e2-89e296e65a7e}</UniqueIdentifier>
    </Filter>
  </ItemGroup>
  <ItemGroup>
    <ClInclude Include="Perceptron.h">
      <Filter>src</Filter>
    </ClInclude>
    <ClInclude Include="CLI11.hpp">
      <Filter>include</Filter>
    </ClInclude>
    <ClInclude Include="CSV.h" />
    <ClInclude Include="kernels.cuh">
      <Filter>src</Filter>
    </ClInclude>
    <ClInclude Include="default.h">
      <Filter>src</Filter>
    </ClInclude>
    <ClInclude Include="debug.h" />
  </ItemGroup>
  <ItemGroup>
    <ClCompile Include="main.cpp">
      <Filter>src</Filter>
    </ClCompile>
    <ClCompile Include="Perceptron.cpp">
      <Filter>src</Filter>
    </ClCompile>
    <ClCompile Include="CSV.cpp" />
  </ItemGroup>
  <ItemGroup>
    <CopyFileToFolders Include="..\Data\iris_test.csv">
      <Filter>Data</Filter>
    </CopyFileToFolders>
    <CopyFileToFolders Include="..\Data\iris_train.csv">
      <Filter>Data</Filter>
    </CopyFileToFolders>
  </ItemGroup>
  <ItemGroup>
    <CudaCompile Include="kernels.cu">
      <Filter>src</Filter>
    </CudaCompile>
  </ItemGroup>
</Project>